
Microsoft Visual Studio Solution File, Format Version 12.00
# Visual Studio Version 17
VisualStudioVersion = 17.11.35219.272
MinimumVisualStudioVersion = 10.0.40219.1
Project("{9A19103F-16F7-4668-BE54-9A1E7A4F7556}") = "Bai01", "Bai01\Bai01.csproj", "{824063D5-E900-43FB-9A81-CC29255719ED}"
EndProject
Project("{FAE04EC0-301F-11D3-BF4B-00C04F79EFBC}") = "Bai02", "Bai02\Bai02.csproj", "{F0FF3406-FA19-43C0-AA37-9F0AFCEEE7D8}"
EndProject
Project("{FAE04EC0-301F-11D3-BF4B-00C04F79EFBC}") = "Bai03", "Bai03\Bai03.csproj", "{1FAF5C5E-B4D6-4A76-9F23-5F7807E62BE0}"
EndProject
Project("{FAE04EC0-301F-11D3-BF4B-00C04F79EFBC}") = "Bai04", "Bai04\Bai04.csproj", "{766F52BC-D192-482A-9D72-8EFA640CCBA3}"
EndProject
Project("{FAE04EC0-301F-11D3-BF4B-00C04F79EFBC}") = "Bai05", "Bai05\Bai05.csproj", "{928032A5-B8CF-4EF4-93DA-62EC22D2CDA3}"
EndProject
Project("{FAE04EC0-301F-11D3-BF4B-00C04F79EFBC}") = "Bai06", "Bai06\Bai06.csproj", "{1AAAC732-CC8E-4475-948C-CB5C1AC8E170}"
EndProject
Project("{FAE04EC0-301F-11D3-BF4B-00C04F79EFBC}") = "Bai07", "Bai07\Bai07.csproj", "{FBC59AAF-0474-4E66-8695-93D5AFB39819}"
EndProject
Project("{FAE04EC0-301F-11D3-BF4B-00C04F79EFBC}") = "Bai08", "Bai08\Bai08.csproj", "{7C61024B-B1AE-4459-9EE0-3D55A8EFD8EB}"
EndProject
Project("{FAE04EC0-301F-11D3-BF4B-00C04F79EFBC}") = "Bai09", "Bai09\Bai09.csproj", "{366FD419-BD6B-439D-A3CF-47A22B59875A}"
EndProject
Global
	GlobalSection(SolutionConfigurationPlatforms) = preSolution
		Debug|Any CPU = Debug|Any CPU
		Release|Any CPU = Release|Any CPU
	EndGlobalSection
	GlobalSection(ProjectConfigurationPlatforms) = postSolution
		{824063D5-E900-43FB-9A81-CC29255719ED}.Debug|Any CPU.ActiveCfg = Debug|Any CPU
		{824063D5-E900-43FB-9A81-CC29255719ED}.Debug|Any CPU.Build.0 = Debug|Any CPU
		{824063D5-E900-43FB-9A81-CC29255719ED}.Release|Any CPU.ActiveCfg = Release|Any CPU
		{824063D5-E900-43FB-9A81-CC29255719ED}.Release|Any CPU.Build.0 = Release|Any CPU
		{F0FF3406-FA19-43C0-AA37-9F0AFCEEE7D8}.Debug|Any CPU.ActiveCfg = Debug|Any CPU
		{F0FF3406-FA19-43C0-AA37-9F0AFCEEE7D8}.Debug|Any CPU.Build.0 = Debug|Any CPU
		{F0FF3406-FA19-43C0-AA37-9F0AFCEEE7D8}.Release|Any CPU.ActiveCfg = Release|Any CPU
		{F0FF3406-FA19-43C0-AA37-9F0AFCEEE7D8}.Release|Any CPU.Build.0 = Release|Any CPU
		{1FAF5C5E-B4D6-4A76-9F23-5F7807E62BE0}.Debug|Any CPU.ActiveCfg = Debug|Any CPU
		{1FAF5C5E-B4D6-4A76-9F23-5F7807E62BE0}.Debug|Any CPU.Build.0 = Debug|Any CPU
		{1FAF5C5E-B4D6-4A76-9F23-5F7807E62BE0}.Release|Any CPU.ActiveCfg = Release|Any CPU
		{1FAF5C5E-B4D6-4A76-9F23-5F7807E62BE0}.Release|Any CPU.Build.0 = Release|Any CPU
		{766F52BC-D192-482A-9D72-8EFA640CCBA3}.Debug|Any CPU.ActiveCfg = Debug|Any CPU
		{766F52BC-D192-482A-9D72-8EFA640CCBA3}.Debug|Any CPU.Build.0 = Debug|Any CPU
		{766F52BC-D192-482A-9D72-8EFA640CCBA3}.Release|Any CPU.ActiveCfg = Release|Any CPU
		{766F52BC-D192-482A-9D72-8EFA640CCBA3}.Release|Any CPU.Build.0 = Release|Any CPU
		{928032A5-B8CF-4EF4-93DA-62EC22D2CDA3}.Debug|Any CPU.ActiveCfg = Debug|Any CPU
		{928032A5-B8CF-4EF4-93DA-62EC22D2CDA3}.Debug|Any CPU.Build.0 = Debug|Any CPU
		{928032A5-B8CF-4EF4-93DA-62EC22D2CDA3}.Release|Any CPU.ActiveCfg = Release|Any CPU
		{928032A5-B8CF-4EF4-93DA-62EC22D2CDA3}.Release|Any CPU.Build.0 = Release|Any CPU
		{1AAAC732-CC8E-4475-948C-CB5C1AC8E170}.Debug|Any CPU.ActiveCfg = Debug|Any CPU
		{1AAAC732-CC8E-4475-948C-CB5C1AC8E170}.Debug|Any CPU.Build.0 = Debug|Any CPU
		{1AAAC732-CC8E-4475-948C-CB5C1AC8E170}.Release|Any CPU.ActiveCfg = Release|Any CPU
		{1AAAC732-CC8E-4475-948C-CB5C1AC8E170}.Release|Any CPU.Build.0 = Release|Any CPU
		{FBC59AAF-0474-4E66-8695-93D5AFB39819}.Debug|Any CPU.ActiveCfg = Debug|Any CPU
		{FBC59AAF-0474-4E66-8695-93D5AFB39819}.Debug|Any CPU.Build.0 = Debug|Any CPU
		{FBC59AAF-0474-4E66-8695-93D5AFB39819}.Release|Any CPU.ActiveCfg = Release|Any CPU
		{FBC59AAF-0474-4E66-8695-93D5AFB39819}.Release|Any CPU.Build.0 = Release|Any CPU
		{7C61024B-B1AE-4459-9EE0-3D55A8EFD8EB}.Debug|Any CPU.ActiveCfg = Debug|Any CPU
		{7C61024B-B1AE-4459-9EE0-3D55A8EFD8EB}.Debug|Any CPU.Build.0 = Debug|Any CPU
		{7C61024B-B1AE-4459-9EE0-3D55A8EFD8EB}.Release|Any CPU.ActiveCfg = Release|Any CPU
		{7C61024B-B1AE-4459-9EE0-3D55A8EFD8EB}.Release|Any CPU.Build.0 = Release|Any CPU
		{366FD419-BD6B-439D-A3CF-47A22B59875A}.Debug|Any CPU.ActiveCfg = Debug|Any CPU
		{366FD419-BD6B-439D-A3CF-47A22B59875A}.Debug|Any CPU.Build.0 = Debug|Any CPU
		{366FD419-BD6B-439D-A3CF-47A22B59875A}.Release|Any CPU.ActiveCfg = Release|Any CPU
		{366FD419-BD6B-439D-A3CF-47A22B59875A}.Release|Any CPU.Build.0 = Release|Any CPU
	EndGlobalSection
	GlobalSection(SolutionProperties) = preSolution
		HideSolutionNode = FALSE
	EndGlobalSection
	GlobalSection(ExtensibilityGlobals) = postSolution
		SolutionGuid = {7242DAD8-80FB-4500-AC34-8B65A5DE7623}
	EndGlobalSection
EndGlobal
